
Microsoft Visual Studio Solution File, Format Version 12.00
# Visual Studio Version 17
VisualStudioVersion = 17.12.35527.113 d17.12
MinimumVisualStudioVersion = 10.0.40219.1
Project("{FAE04EC0-301F-11D3-BF4B-00C04F79EFBC}") = "KhetSimulation", "KhetSimulation\KhetSimulation.csproj", "{C06C7D07-2906-4059-B6F1-2BB0F3356BBE}"
EndProject
Project("{FAE04EC0-301F-11D3-BF4B-00C04F79EFBC}") = "NetworkCommunication", "NetworkCommunication\NetworkCommunication.csproj", "{B6B3F911-62AA-4309-91EB-05B916BC15A3}"
EndProject
Global
	GlobalSection(SolutionConfigurationPlatforms) = preSolution
		Debug|Any CPU = Debug|Any CPU
		Release|Any CPU = Release|Any CPU
	EndGlobalSection
	GlobalSection(ProjectConfigurationPlatforms) = postSolution
		{C06C7D07-2906-4059-B6F1-2BB0F3356BBE}.Debug|Any CPU.ActiveCfg = Debug|Any CPU
		{C06C7D07-2906-4059-B6F1-2BB0F3356BBE}.Debug|Any CPU.Build.0 = Debug|Any CPU
		{C06C7D07-2906-4059-B6F1-2BB0F3356BBE}.Release|Any CPU.ActiveCfg = Release|Any CPU
		{C06C7D07-2906-4059-B6F1-2BB0F3356BBE}.Release|Any CPU.Build.0 = Release|Any CPU
		{B6B3F911-62AA-4309-91EB-05B916BC15A3}.Debug|Any CPU.ActiveCfg = Debug|Any CPU
		{B6B3F911-62AA-4309-91EB-05B916BC15A3}.Debug|Any CPU.Build.0 = Debug|Any CPU
		{B6B3F911-62AA-4309-91EB-05B916BC15A3}.Release|Any CPU.ActiveCfg = Release|Any CPU
		{B6B3F911-62AA-4309-91EB-05B916BC15A3}.Release|Any CPU.Build.0 = Release|Any CPU
	EndGlobalSection
	GlobalSection(SolutionProperties) = preSolution
		HideSolutionNode = FALSE
	EndGlobalSection
EndGlobal
