
Microsoft Visual Studio Solution File, Format Version 12.00
# Visual Studio Version 17
VisualStudioVersion = 17.12.35527.113
MinimumVisualStudioVersion = 10.0.40219.1
Project("{FAE04EC0-301F-11D3-BF4B-00C04F79EFBC}") = "Host", "Host\Host.csproj", "{5C8824DC-3EF5-4239-ABE9-BA9BA0AF0E7E}"
EndProject
Project("{FAE04EC0-301F-11D3-BF4B-00C04F79EFBC}") = "Client", "Client\Client.csproj", "{C773011B-8562-48B4-86CF-05E841232607}"
EndProject
Project("{FAE04EC0-301F-11D3-BF4B-00C04F79EFBC}") = "HostV2", "HostV2\HostV2.csproj", "{9D54807A-7E97-4C9B-8EB4-F59595D3D4A9}"
EndProject
Project("{FAE04EC0-301F-11D3-BF4B-00C04F79EFBC}") = "ClientV2", "ClientV2\ClientV2.csproj", "{56E8D482-5FFF-47AF-9590-42FC89920173}"
EndProject
Global
	GlobalSection(SolutionConfigurationPlatforms) = preSolution
		Debug|Any CPU = Debug|Any CPU
		Release|Any CPU = Release|Any CPU
	EndGlobalSection
	GlobalSection(ProjectConfigurationPlatforms) = postSolution
		{5C8824DC-3EF5-4239-ABE9-BA9BA0AF0E7E}.Debug|Any CPU.ActiveCfg = Debug|Any CPU
		{5C8824DC-3EF5-4239-ABE9-BA9BA0AF0E7E}.Debug|Any CPU.Build.0 = Debug|Any CPU
		{5C8824DC-3EF5-4239-ABE9-BA9BA0AF0E7E}.Release|Any CPU.ActiveCfg = Release|Any CPU
		{5C8824DC-3EF5-4239-ABE9-BA9BA0AF0E7E}.Release|Any CPU.Build.0 = Release|Any CPU
		{C773011B-8562-48B4-86CF-05E841232607}.Debug|Any CPU.ActiveCfg = Debug|Any CPU
		{C773011B-8562-48B4-86CF-05E841232607}.Debug|Any CPU.Build.0 = Debug|Any CPU
		{C773011B-8562-48B4-86CF-05E841232607}.Release|Any CPU.ActiveCfg = Release|Any CPU
		{C773011B-8562-48B4-86CF-05E841232607}.Release|Any CPU.Build.0 = Release|Any CPU
		{9D54807A-7E97-4C9B-8EB4-F59595D3D4A9}.Debug|Any CPU.ActiveCfg = Debug|Any CPU
		{9D54807A-7E97-4C9B-8EB4-F59595D3D4A9}.Debug|Any CPU.Build.0 = Debug|Any CPU
		{9D54807A-7E97-4C9B-8EB4-F59595D3D4A9}.Release|Any CPU.ActiveCfg = Release|Any CPU
		{9D54807A-7E97-4C9B-8EB4-F59595D3D4A9}.Release|Any CPU.Build.0 = Release|Any CPU
		{56E8D482-5FFF-47AF-9590-42FC89920173}.Debug|Any CPU.ActiveCfg = Debug|Any CPU
		{56E8D482-5FFF-47AF-9590-42FC89920173}.Debug|Any CPU.Build.0 = Debug|Any CPU
		{56E8D482-5FFF-47AF-9590-42FC89920173}.Release|Any CPU.ActiveCfg = Release|Any CPU
		{56E8D482-5FFF-47AF-9590-42FC89920173}.Release|Any CPU.Build.0 = Release|Any CPU
	EndGlobalSection
	GlobalSection(SolutionProperties) = preSolution
		HideSolutionNode = FALSE
	EndGlobalSection
EndGlobal
